github.com/patrickmn/go-cache v2.1.0+incompatible h1:HRMgzkcYKYpi3C8ajMPV8OFXaaRUnok+kx1WdO15EQc=
github.com/patrickmn/go-cache v2.1.0+incompatible/go.mod h1:3Qf8kWWT7OJRJbdiICTKqZju1ZixQ/KpMGzzAfe6+WQ=
github.com/robertkrimen/otto v0.0.0-20180617131154-15f95af6e78d h1:1VUlQbCfkoSGv7qP7Y+ro3ap1P1pPZxgdGVqiTVy5C4=
github.com/robertkrimen/otto v0.0.0-20180617131154-15f95af6e78d/go.mod h1:xvqspoSXJTIpemEonrMDFq6XzwHYYgToXWj5eRX1OtY=
github.com/txthinking/runnergroup v0.0.0-20210608031112-152c7c4432bf h1:7PflaKRtU4np/epFxRXlFhlzLXZzKFrH5/I4so5Ove0=
github.com/txthinking/runnergroup v0.0.0-20210608031112-152c7c4432bf/go.mod h1:CLUSJbazqETbaR+i0YAhXBICV9TrKH93pziccMhmhpM=
github.com/txthinking/socks5 v0.0.0-20210716140126-fa1f52a8f2da h1:7x8pJcBTdKTBpQbRjZZc9o6CDquXBbvm9UIrR6ZSRJ4=
github.com/txthinking/socks5 v0.0.0-20210716140126-fa1f52a8f2da/go.mod h1:7NloQcrxaZYKURWph5HLxVDlIwMHJXCPkeWPtpftsIg=
github.com/txthinking/x v0.0.0-20210326105829-476fab902fbe h1:gMWxZxBFRAXqoGkwkYlPX2zvyyKNWJpxOxCrjqJkm5A=
github.com/txthinking/x v0.0.0-20210326105829-476fab902fbe/go.mod h1:WgqbSEmUYSjEV3B1qmee/PpP2NYEz4bL9/+mF1ma+s4=
gopkg.in/sourcemap.v1 v1.0.5 h1:inv58fC9f9J3TK2Y2R1NPntXEn3/wjWHkonhIUODNTI=
gopkg.in/sourcemap.v1 v1.0.5/go.mod h1:2RlvNNSMglmRrcvhfuzp4hQHwOtjxlbjX7UPY/GXb78=
